// !$*UTF8*$!
{
	archiveVersion = 1;
	classes = {
	};
	objectVersion = 56;
	objects = {

/* Begin PBXBuildFile section */
		1F5C11782A6CEFF70087B80A /* SingleQuery.swift in Sources */ = {isa = PBXBuildFile; fileRef = 1F5C11772A6CEFF70087B80A /* SingleQuery.swift */; };
		1FBB698F2A6BC3F600D9AE3B /* RickAndMortyGraphQLApp.swift in Sources */ = {isa = PBXBuildFile; fileRef = 1FBB698E2A6BC3F600D9AE3B /* RickAndMortyGraphQLApp.swift */; };
		1FBB69932A6BC3F800D9AE3B /* Assets.xcassets in Resources */ = {isa = PBXBuildFile; fileRef = 1FBB69922A6BC3F800D9AE3B /* Assets.xcassets */; };
		1FBB69962A6BC3F800D9AE3B /* Preview Assets.xcassets in Resources */ = {isa = PBXBuildFile; fileRef = 1FBB69952A6BC3F800D9AE3B /* Preview Assets.xcassets */; };
		1FBB699E2A6BCE8300D9AE3B /* Apollo in Frameworks */ = {isa = PBXBuildFile; productRef = 1FBB699D2A6BCE8300D9AE3B /* Apollo */; };
		1FBB69AE2A6BEDAF00D9AE3B /* API.swift in Sources */ = {isa = PBXBuildFile; fileRef = 1FBB69AD2A6BEDAF00D9AE3B /* API.swift */; };
		1FBB69B32A6CAE2B00D9AE3B /* NetworkManager.swift in Sources */ = {isa = PBXBuildFile; fileRef = 1FBB69B22A6CAE2B00D9AE3B /* NetworkManager.swift */; };
		1FBB69B62A6CAEBC00D9AE3B /* Constants.swift in Sources */ = {isa = PBXBuildFile; fileRef = 1FBB69B52A6CAEBB00D9AE3B /* Constants.swift */; };
		1FBB69BA2A6CBF9400D9AE3B /* CharacterListViewModel.swift in Sources */ = {isa = PBXBuildFile; fileRef = 1FBB69B92A6CBF9400D9AE3B /* CharacterListViewModel.swift */; };
		1FBB69BC2A6CC07F00D9AE3B /* CharacterListView.swift in Sources */ = {isa = PBXBuildFile; fileRef = 1FBB69BB2A6CC07F00D9AE3B /* CharacterListView.swift */; };
		1FBB69BE2A6CC2A900D9AE3B /* CharacterListRowView.swift in Sources */ = {isa = PBXBuildFile; fileRef = 1FBB69BD2A6CC2A900D9AE3B /* CharacterListRowView.swift */; };
		1FBB69C12A6CC42C00D9AE3B /* CharacterDetailView.swift in Sources */ = {isa = PBXBuildFile; fileRef = 1FBB69C02A6CC42C00D9AE3B /* CharacterDetailView.swift */; };
		1FBB69C72A6CD0C100D9AE3B /* Kingfisher in Frameworks */ = {isa = PBXBuildFile; productRef = 1FBB69C62A6CD0C100D9AE3B /* Kingfisher */; };
/* End PBXBuildFile section */

/* Begin PBXFileReference section */
		1F5C11772A6CEFF70087B80A /* SingleQuery.swift */ = {isa = PBXFileReference; lastKnownFileType = sourcecode.swift; path = SingleQuery.swift; sourceTree = "<group>"; };
		1FBB698B2A6BC3F600D9AE3B /* RickAndMortyGraphQL.app */ = {isa = PBXFileReference; explicitFileType = wrapper.application; includeInIndex = 0; path = RickAndMortyGraphQL.app; sourceTree = BUILT_PRODUCTS_DIR; };
		1FBB698E2A6BC3F600D9AE3B /* RickAndMortyGraphQLApp.swift */ = {isa = PBXFileReference; lastKnownFileType = sourcecode.swift; path = RickAndMortyGraphQLApp.swift; sourceTree = "<group>"; };
		1FBB69922A6BC3F800D9AE3B /* Assets.xcassets */ = {isa = PBXFileReference; lastKnownFileType = folder.assetcatalog; path = Assets.xcassets; sourceTree = "<group>"; };
		1FBB69952A6BC3F800D9AE3B /* Preview Assets.xcassets */ = {isa = PBXFileReference; lastKnownFileType = folder.assetcatalog; path = "Preview Assets.xcassets"; sourceTree = "<group>"; };
		1FBB69AB2A6BEC3300D9AE3B /* schema.json */ = {isa = PBXFileReference; lastKnownFileType = text.json; path = schema.json; sourceTree = "<group>"; };
		1FBB69AC2A6BECE900D9AE3B /* Queries.graphql */ = {isa = PBXFileReference; lastKnownFileType = text; path = Queries.graphql; sourceTree = "<group>"; };
		1FBB69AD2A6BEDAF00D9AE3B /* API.swift */ = {isa = PBXFileReference; lastKnownFileType = sourcecode.swift; path = API.swift; sourceTree = "<group>"; };
		1FBB69B22A6CAE2B00D9AE3B /* NetworkManager.swift */ = {isa = PBXFileReference; lastKnownFileType = sourcecode.swift; path = NetworkManager.swift; sourceTree = "<group>"; };
		1FBB69B52A6CAEBB00D9AE3B /* Constants.swift */ = {isa = PBXFileReference; lastKnownFileType = sourcecode.swift; path = Constants.swift; sourceTree = "<group>"; };
		1FBB69B92A6CBF9400D9AE3B /* CharacterListViewModel.swift */ = {isa = PBXFileReference; lastKnownFileType = sourcecode.swift; path = CharacterListViewModel.swift; sourceTree = "<group>"; };
		1FBB69BB2A6CC07F00D9AE3B /* CharacterListView.swift */ = {isa = PBXFileReference; lastKnownFileType = sourcecode.swift; path = CharacterListView.swift; sourceTree = "<group>"; };
		1FBB69BD2A6CC2A900D9AE3B /* CharacterListRowView.swift */ = {isa = PBXFileReference; lastKnownFileType = sourcecode.swift; path = CharacterListRowView.swift; sourceTree = "<group>"; };
		1FBB69C02A6CC42C00D9AE3B /* CharacterDetailView.swift */ = {isa = PBXFileReference; lastKnownFileType = sourcecode.swift; path = CharacterDetailView.swift; sourceTree = "<group>"; };
/* End PBXFileReference section */

/* Begin PBXFrameworksBuildPhase section */
		1FBB69882A6BC3F600D9AE3B /* Frameworks */ = {
			isa = PBXFrameworksBuildPhase;
			buildActionMask = 2147483647;
			files = (
				1FBB69C72A6CD0C100D9AE3B /* Kingfisher in Frameworks */,
				1FBB699E2A6BCE8300D9AE3B /* Apollo in Frameworks */,
			);
			runOnlyForDeploymentPostprocessing = 0;
		};
/* End PBXFrameworksBuildPhase section */

/* Begin PBXGroup section */
		1FBB69822A6BC3F600D9AE3B = {
			isa = PBXGroup;
			children = (
				1FBB698D2A6BC3F600D9AE3B /* RickAndMortyGraphQL */,
				1FBB698C2A6BC3F600D9AE3B /* Products */,
			);
			sourceTree = "<group>";
		};
		1FBB698C2A6BC3F600D9AE3B /* Products */ = {
			isa = PBXGroup;
			children = (
				1FBB698B2A6BC3F600D9AE3B /* RickAndMortyGraphQL.app */,
			);
			name = Products;
			sourceTree = "<group>";
		};
		1FBB698D2A6BC3F600D9AE3B /* RickAndMortyGraphQL */ = {
			isa = PBXGroup;
			children = (
				1FBB69B72A6CBF5D00D9AE3B /* Features */,
				1FBB69B42A6CAE9100D9AE3B /* Constants */,
				1FBB69B12A6CAE1100D9AE3B /* Network */,
				1FBB69AA2A6BEC0400D9AE3B /* GraphQL */,
				1FBB698E2A6BC3F600D9AE3B /* RickAndMortyGraphQLApp.swift */,
				1FBB69922A6BC3F800D9AE3B /* Assets.xcassets */,
				1FBB69942A6BC3F800D9AE3B /* Preview Content */,
			);
			path = RickAndMortyGraphQL;
			sourceTree = "<group>";
		};
		1FBB69942A6BC3F800D9AE3B /* Preview Content */ = {
			isa = PBXGroup;
			children = (
				1FBB69952A6BC3F800D9AE3B /* Preview Assets.xcassets */,
			);
			path = "Preview Content";
			sourceTree = "<group>";
		};
		1FBB69AA2A6BEC0400D9AE3B /* GraphQL */ = {
			isa = PBXGroup;
			children = (
				1FBB69AB2A6BEC3300D9AE3B /* schema.json */,
				1FBB69AC2A6BECE900D9AE3B /* Queries.graphql */,
				1FBB69AD2A6BEDAF00D9AE3B /* API.swift */,
				1F5C11772A6CEFF70087B80A /* SingleQuery.swift */,
			);
			path = GraphQL;
			sourceTree = "<group>";
		};
		1FBB69B12A6CAE1100D9AE3B /* Network */ = {
			isa = PBXGroup;
			children = (
				1FBB69B22A6CAE2B00D9AE3B /* NetworkManager.swift */,
			);
			path = Network;
			sourceTree = "<group>";
		};
		1FBB69B42A6CAE9100D9AE3B /* Constants */ = {
			isa = PBXGroup;
			children = (
				1FBB69B52A6CAEBB00D9AE3B /* Constants.swift */,
			);
			path = Constants;
			sourceTree = "<group>";
		};
		1FBB69B72A6CBF5D00D9AE3B /* Features */ = {
			isa = PBXGroup;
			children = (
				1FBB69BF2A6CC3E500D9AE3B /* CharacterDetail */,
				1FBB69B82A6CBF6800D9AE3B /* CharacterList */,
			);
			path = Features;
			sourceTree = "<group>";
		};
		1FBB69B82A6CBF6800D9AE3B /* CharacterList */ = {
			isa = PBXGroup;
			children = (
				1FBB69B92A6CBF9400D9AE3B /* CharacterListViewModel.swift */,
				1FBB69BB2A6CC07F00D9AE3B /* CharacterListView.swift */,
				1FBB69BD2A6CC2A900D9AE3B /* CharacterListRowView.swift */,
			);
			path = CharacterList;
			sourceTree = "<group>";
		};
		1FBB69BF2A6CC3E500D9AE3B /* CharacterDetail */ = {
			isa = PBXGroup;
			children = (
				1FBB69C02A6CC42C00D9AE3B /* CharacterDetailView.swift */,
			);
			path = CharacterDetail;
			sourceTree = "<group>";
		};
/* End PBXGroup section */

/* Begin PBXNativeTarget section */
		1FBB698A2A6BC3F600D9AE3B /* RickAndMortyGraphQL */ = {
			isa = PBXNativeTarget;
			buildConfigurationList = 1FBB69992A6BC3F800D9AE3B /* Build configuration list for PBXNativeTarget "RickAndMortyGraphQL" */;
			buildPhases = (
				1FBB69A32A6BD25B00D9AE3B /* Generate Apollo GraphQL API */,
				1FBB69872A6BC3F600D9AE3B /* Sources */,
				1FBB69882A6BC3F600D9AE3B /* Frameworks */,
				1FBB69892A6BC3F600D9AE3B /* Resources */,
			);
			buildRules = (
			);
			dependencies = (
			);
			name = RickAndMortyGraphQL;
			packageProductDependencies = (
				1FBB699D2A6BCE8300D9AE3B /* Apollo */,
				1FBB69C62A6CD0C100D9AE3B /* Kingfisher */,
			);
			productName = RickAndMortyGraphQL;
			productReference = 1FBB698B2A6BC3F600D9AE3B /* RickAndMortyGraphQL.app */;
			productType = "com.apple.product-type.application";
		};
/* End PBXNativeTarget section */

/* Begin PBXProject section */
		1FBB69832A6BC3F600D9AE3B /* Project object */ = {
			isa = PBXProject;
			attributes = {
				BuildIndependentTargetsInParallel = 1;
				LastSwiftUpdateCheck = 1430;
				LastUpgradeCheck = 1430;
				TargetAttributes = {
					1FBB698A2A6BC3F600D9AE3B = {
						CreatedOnToolsVersion = 14.3.1;
					};
				};
			};
			buildConfigurationList = 1FBB69862A6BC3F600D9AE3B /* Build configuration list for PBXProject "RickAndMortyGraphQL" */;
			compatibilityVersion = "Xcode 14.0";
			developmentRegion = en;
			hasScannedForEncodings = 0;
			knownRegions = (
				en,
				Base,
			);
			mainGroup = 1FBB69822A6BC3F600D9AE3B;
			packageReferences = (
				1FBB699C2A6BCE8300D9AE3B /* XCRemoteSwiftPackageReference "apollo-ios" */,
				1FBB69C52A6CD0C100D9AE3B /* XCRemoteSwiftPackageReference "Kingfisher" */,
			);
			productRefGroup = 1FBB698C2A6BC3F600D9AE3B /* Products */;
			projectDirPath = "";
			projectRoot = "";
			targets = (
				1FBB698A2A6BC3F600D9AE3B /* RickAndMortyGraphQL */,
			);
		};
/* End PBXProject section */

/* Begin PBXResourcesBuildPhase section */
		1FBB69892A6BC3F600D9AE3B /* Resources */ = {
			isa = PBXResourcesBuildPhase;
			buildActionMask = 2147483647;
			files = (
				1FBB69962A6BC3F800D9AE3B /* Preview Assets.xcassets in Resources */,
				1FBB69932A6BC3F800D9AE3B /* Assets.xcassets in Resources */,
			);
			runOnlyForDeploymentPostprocessing = 0;
		};
/* End PBXResourcesBuildPhase section */

/* Begin PBXShellScriptBuildPhase section */
		1FBB69A32A6BD25B00D9AE3B /* Generate Apollo GraphQL API */ = {
			isa = PBXShellScriptBuildPhase;
			buildActionMask = 12;
			files = (
			);
			inputFileListPaths = (
			);
			inputPaths = (
			);
			name = "Generate Apollo GraphQL API";
			outputFileListPaths = (
			);
			outputPaths = (
			);
			runOnlyForDeploymentPostprocessing = 0;
			shellPath = /bin/sh;
			shellScript = "# Go to the build root and search up the chain to find the Derived Data Path where the source packages are checked out.\nDERIVED_DATA_CANDIDATE=\"${BUILD_ROOT}\"\n\nwhile ! [ -d \"${DERIVED_DATA_CANDIDATE}/SourcePackages\" ]; do\n  if [ \"${DERIVED_DATA_CANDIDATE}\" = / ]; then\n    echo >&2 \"error: Unable to locate SourcePackages directory from BUILD_ROOT: '${BUILD_ROOT}'\"\n    exit 1\n  fi\n\n  DERIVED_DATA_CANDIDATE=\"$(dirname \"${DERIVED_DATA_CANDIDATE}\")\"\ndone\n\n# Grab a reference to the directory where scripts are checked out\nSCRIPT_PATH=\"${DERIVED_DATA_CANDIDATE}/SourcePackages/checkouts/apollo-ios/scripts\"\n\nif [ -z \"${SCRIPT_PATH}\" ]; then\n    echo >&2 \"error: Couldn't find the CLI script in your checked out SPM packages; make sure to add the framework to your project.\"\n    exit 1\nfi\n\ncd \"${SRCROOT}/${TARGET_NAME}\"\n\n# Declare your endpoint\nGRAPHQL_SCHEMA_ENDPOINT=\"https://rickandmortyapi.com/graphql\" \n# Declare your file location\nGRAPHQL_SCHEMA_FILE_LOCATION=\"GraphQL/schema.json\"\n\n#Run Your Script\n# Uncomment when there is a change to the schema\n\n###\n#\"${SCRIPT_PATH}\"/run-bundled-codegen.sh schema:download --endpoint=\"${GRAPHQL_SCHEMA_ENDPOINT}\" \"${GRAPHQL_SCHEMA_FILE_LOCATION}\"\n###\n\n\n# Declare your API File Path\n# Update this file path to the path of your API file.\nGRAPHQL_API_FILE_LOCATION=\"GraphQL/API.swift\"\n# Run Code Generation\n\n# Uncomment when there is a change to the schema / queries\n\n####\n#\"${SCRIPT_PATH}\"/run-bundled-codegen.sh codegen:generate --target=swift --includes=./**/*.graphql --localSchemaFile=\"${GRAPHQL_SCHEMA_FILE_LOCATION}\" \"${GRAPHQL_API_FILE_LOCATION}\"\n####\n";
		};
/* End PBXShellScriptBuildPhase section */

/* Begin PBXSourcesBuildPhase section */
		1FBB69872A6BC3F600D9AE3B /* Sources */ = {
			isa = PBXSourcesBuildPhase;
			buildActionMask = 2147483647;
			files = (
				1FBB69C12A6CC42C00D9AE3B /* CharacterDetailView.swift in Sources */,
				1FBB69B62A6CAEBC00D9AE3B /* Constants.swift in Sources */,
				1FBB69BE2A6CC2A900D9AE3B /* CharacterListRowView.swift in Sources */,
				1FBB69B32A6CAE2B00D9AE3B /* NetworkManager.swift in Sources */,
				1FBB69BC2A6CC07F00D9AE3B /* CharacterListView.swift in Sources */,
				1F5C11782A6CEFF70087B80A /* SingleQuery.swift in Sources */,
				1FBB69AE2A6BEDAF00D9AE3B /* API.swift in Sources */,
				1FBB69BA2A6CBF9400D9AE3B /* CharacterListViewModel.swift in Sources */,
				1FBB698F2A6BC3F600D9AE3B /* RickAndMortyGraphQLApp.swift in Sources */,
			);
			runOnlyForDeploymentPostprocessing = 0;
		};
/* End PBXSourcesBuildPhase section */

/* Begin XCBuildConfiguration section */
		1FBB69972A6BC3F800D9AE3B /* Debug */ = {
			isa = XCBuildConfiguration;
			buildSettings = {
				ALWAYS_SEARCH_USER_PATHS = NO;
				CLANG_ANALYZER_NONNULL = YES;
				CLANG_ANALYZER_NUMBER_OBJECT_CONVERSION = YES_AGGRESSIVE;
				CLANG_CXX_LANGUAGE_STANDARD = "gnu++20";
				CLANG_ENABLE_MODULES = YES;
				CLANG_ENABLE_OBJC_ARC = YES;
				CLANG_ENABLE_OBJC_WEAK = YES;
				CLANG_WARN_BLOCK_CAPTURE_AUTORELEASING = YES;
				CLANG_WARN_BOOL_CONVERSION = YES;
				CLANG_WARN_COMMA = YES;
				CLANG_WARN_CONSTANT_CONVERSION = YES;
				CLANG_WARN_DEPRECATED_OBJC_IMPLEMENTATIONS = YES;
				CLANG_WARN_DIRECT_OBJC_ISA_USAGE = YES_ERROR;
				CLANG_WARN_DOCUMENTATION_COMMENTS = YES;
				CLANG_WARN_EMPTY_BODY = YES;
				CLANG_WARN_ENUM_CONVERSION = YES;
				CLANG_WARN_INFINITE_RECURSION = YES;
				CLANG_WARN_INT_CONVERSION = YES;
				CLANG_WARN_NON_LITERAL_NULL_CONVERSION = YES;
				CLANG_WARN_OBJC_IMPLICIT_RETAIN_SELF = YES;
				CLANG_WARN_OBJC_LITERAL_CONVERSION = YES;
				CLANG_WARN_OBJC_ROOT_CLASS = YES_ERROR;
				CLANG_WARN_QUOTED_INCLUDE_IN_FRAMEWORK_HEADER = YES;
				CLANG_WARN_RANGE_LOOP_ANALYSIS = YES;
				CLANG_WARN_STRICT_PROTOTYPES = YES;
				CLANG_WARN_SUSPICIOUS_MOVE = YES;
				CLANG_WARN_UNGUARDED_AVAILABILITY = YES_AGGRESSIVE;
				CLANG_WARN_UNREACHABLE_CODE = YES;
				CLANG_WARN__DUPLICATE_METHOD_MATCH = YES;
				COPY_PHASE_STRIP = NO;
				DEBUG_INFORMATION_FORMAT = dwarf;
				ENABLE_STRICT_OBJC_MSGSEND = YES;
				ENABLE_TESTABILITY = YES;
				GCC_C_LANGUAGE_STANDARD = gnu11;
				GCC_DYNAMIC_NO_PIC = NO;
				GCC_NO_COMMON_BLOCKS = YES;
				GCC_OPTIMIZATION_LEVEL = 0;
				GCC_PREPROCESSOR_DEFINITIONS = (
					"DEBUG=1",
					"$(inherited)",
				);
				GCC_WARN_64_TO_32_BIT_CONVERSION = YES;
				GCC_WARN_ABOUT_RETURN_TYPE = YES_ERROR;
				GCC_WARN_UNDECLARED_SELECTOR = YES;
				GCC_WARN_UNINITIALIZED_AUTOS = YES_AGGRESSIVE;
				GCC_WARN_UNUSED_FUNCTION = YES;
				GCC_WARN_UNUSED_VARIABLE = YES;
				IPHONEOS_DEPLOYMENT_TARGET = 16.4;
				MTL_ENABLE_DEBUG_INFO = INCLUDE_SOURCE;
				MTL_FAST_MATH = YES;
				ONLY_ACTIVE_ARCH = YES;
				SDKROOT = iphoneos;
				SWIFT_ACTIVE_COMPILATION_CONDITIONS = DEBUG;
				SWIFT_OPTIMIZATION_LEVEL = "-Onone";
			};
			name = Debug;
		};
		1FBB69982A6BC3F800D9AE3B /* Release */ = {
			isa = XCBuildConfiguration;
			buildSettings = {
				ALWAYS_SEARCH_USER_PATHS = NO;
				CLANG_ANALYZER_NONNULL = YES;
				CLANG_ANALYZER_NUMBER_OBJECT_CONVERSION = YES_AGGRESSIVE;
				CLANG_CXX_LANGUAGE_STANDARD = "gnu++20";
				CLANG_ENABLE_MODULES = YES;
				CLANG_ENABLE_OBJC_ARC = YES;
				CLANG_ENABLE_OBJC_WEAK = YES;
				CLANG_WARN_BLOCK_CAPTURE_AUTORELEASING = YES;
				CLANG_WARN_BOOL_CONVERSION = YES;
				CLANG_WARN_COMMA = YES;
				CLANG_WARN_CONSTANT_CONVERSION = YES;
				CLANG_WARN_DEPRECATED_OBJC_IMPLEMENTATIONS = YES;
				CLANG_WARN_DIRECT_OBJC_ISA_USAGE = YES_ERROR;
				CLANG_WARN_DOCUMENTATION_COMMENTS = YES;
				CLANG_WARN_EMPTY_BODY = YES;
				CLANG_WARN_ENUM_CONVERSION = YES;
				CLANG_WARN_INFINITE_RECURSION = YES;
				CLANG_WARN_INT_CONVERSION = YES;
				CLANG_WARN_NON_LITERAL_NULL_CONVERSION = YES;
				CLANG_WARN_OBJC_IMPLICIT_RETAIN_SELF = YES;
				CLANG_WARN_OBJC_LITERAL_CONVERSION = YES;
				CLANG_WARN_OBJC_ROOT_CLASS = YES_ERROR;
				CLANG_WARN_QUOTED_INCLUDE_IN_FRAMEWORK_HEADER = YES;
				CLANG_WARN_RANGE_LOOP_ANALYSIS = YES;
				CLANG_WARN_STRICT_PROTOTYPES = YES;
				CLANG_WARN_SUSPICIOUS_MOVE = YES;
				CLANG_WARN_UNGUARDED_AVAILABILITY = YES_AGGRESSIVE;
				CLANG_WARN_UNREACHABLE_CODE = YES;
				CLANG_WARN__DUPLICATE_METHOD_MATCH = YES;
				COPY_PHASE_STRIP = NO;
				DEBUG_INFORMATION_FORMAT = "dwarf-with-dsym";
				ENABLE_NS_ASSERTIONS = NO;
				ENABLE_STRICT_OBJC_MSGSEND = YES;
				GCC_C_LANGUAGE_STANDARD = gnu11;
				GCC_NO_COMMON_BLOCKS = YES;
				GCC_WARN_64_TO_32_BIT_CONVERSION = YES;
				GCC_WARN_ABOUT_RETURN_TYPE = YES_ERROR;
				GCC_WARN_UNDECLARED_SELECTOR = YES;
				GCC_WARN_UNINITIALIZED_AUTOS = YES_AGGRESSIVE;
				GCC_WARN_UNUSED_FUNCTION = YES;
				GCC_WARN_UNUSED_VARIABLE = YES;
				IPHONEOS_DEPLOYMENT_TARGET = 16.4;
				MTL_ENABLE_DEBUG_INFO = NO;
				MTL_FAST_MATH = YES;
				SDKROOT = iphoneos;
				SWIFT_COMPILATION_MODE = wholemodule;
				SWIFT_OPTIMIZATION_LEVEL = "-O";
				VALIDATE_PRODUCT = YES;
			};
			name = Release;
		};
		1FBB699A2A6BC3F800D9AE3B /* Debug */ = {
			isa = XCBuildConfiguration;
			buildSettings = {
				ASSETCATALOG_COMPILER_APPICON_NAME = AppIcon;
				ASSETCATALOG_COMPILER_GLOBAL_ACCENT_COLOR_NAME = AccentColor;
				CODE_SIGN_STYLE = Automatic;
				CURRENT_PROJECT_VERSION = 1;
				DEVELOPMENT_ASSET_PATHS = "\"RickAndMortyGraphQL/Preview Content\"";
				DEVELOPMENT_TEAM = XN3N3UCKKD;
				ENABLE_PREVIEWS = YES;
				GENERATE_INFOPLIST_FILE = YES;
				INFOPLIST_KEY_UIApplicationSceneManifest_Generation = YES;
				INFOPLIST_KEY_UIApplicationSupportsIndirectInputEvents = YES;
				INFOPLIST_KEY_UILaunchScreen_Generation = YES;
				INFOPLIST_KEY_UISupportedInterfaceOrientations_iPad = "UIInterfaceOrientationPortrait UIInterfaceOrientationPortraitUpsideDown UIInterfaceOrientationLandscapeLeft UIInterfaceOrientationLandscapeRight";
				INFOPLIST_KEY_UISupportedInterfaceOrientations_iPhone = "UIInterfaceOrientationPortrait UIInterfaceOrientationLandscapeLeft UIInterfaceOrientationLandscapeRight";
				LD_RUNPATH_SEARCH_PATHS = (
					"$(inherited)",
					"@executable_path/Frameworks",
				);
				MARKETING_VERSION = 1.0;
				PRODUCT_BUNDLE_IDENTIFIER = com.eduardoNavarrete.RickAndMortyGraphQL;
				PRODUCT_NAME = "$(TARGET_NAME)";
				SWIFT_EMIT_LOC_STRINGS = YES;
				SWIFT_VERSION = 5.0;
				TARGETED_DEVICE_FAMILY = "1,2";
			};
			name = Debug;
		};
		1FBB699B2A6BC3F800D9AE3B /* Release */ = {
			isa = XCBuildConfiguration;
			buildSettings = {
				ASSETCATALOG_COMPILER_APPICON_NAME = AppIcon;
				ASSETCATALOG_COMPILER_GLOBAL_ACCENT_COLOR_NAME = AccentColor;
				CODE_SIGN_STYLE = Automatic;
				CURRENT_PROJECT_VERSION = 1;
				DEVELOPMENT_ASSET_PATHS = "\"RickAndMortyGraphQL/Preview Content\"";
				DEVELOPMENT_TEAM = XN3N3UCKKD;
				ENABLE_PREVIEWS = YES;
				GENERATE_INFOPLIST_FILE = YES;
				INFOPLIST_KEY_UIApplicationSceneManifest_Generation = YES;
				INFOPLIST_KEY_UIApplicationSupportsIndirectInputEvents = YES;
				INFOPLIST_KEY_UILaunchScreen_Generation = YES;
				INFOPLIST_KEY_UISupportedInterfaceOrientations_iPad = "UIInterfaceOrientationPortrait UIInterfaceOrientationPortraitUpsideDown UIInterfaceOrientationLandscapeLeft UIInterfaceOrientationLandscapeRight";
				INFOPLIST_KEY_UISupportedInterfaceOrientations_iPhone = "UIInterfaceOrientationPortrait UIInterfaceOrientationLandscapeLeft UIInterfaceOrientationLandscapeRight";
				LD_RUNPATH_SEARCH_PATHS = (
					"$(inherited)",
					"@executable_path/Frameworks",
				);
				MARKETING_VERSION = 1.0;
				PRODUCT_BUNDLE_IDENTIFIER = com.eduardoNavarrete.RickAndMortyGraphQL;
				PRODUCT_NAME = "$(TARGET_NAME)";
				SWIFT_EMIT_LOC_STRINGS = YES;
				SWIFT_VERSION = 5.0;
				TARGETED_DEVICE_FAMILY = "1,2";
			};
			name = Release;
		};
/* End XCBuildConfiguration section */

/* Begin XCConfigurationList section */
		1FBB69862A6BC3F600D9AE3B /* Build configuration list for PBXProject "RickAndMortyGraphQL" */ = {
			isa = XCConfigurationList;
			buildConfigurations = (
				1FBB69972A6BC3F800D9AE3B /* Debug */,
				1FBB69982A6BC3F800D9AE3B /* Release */,
			);
			defaultConfigurationIsVisible = 0;
			defaultConfigurationName = Release;
		};
		1FBB69992A6BC3F800D9AE3B /* Build configuration list for PBXNativeTarget "RickAndMortyGraphQL" */ = {
			isa = XCConfigurationList;
			buildConfigurations = (
				1FBB699A2A6BC3F800D9AE3B /* Debug */,
				1FBB699B2A6BC3F800D9AE3B /* Release */,
			);
			defaultConfigurationIsVisible = 0;
			defaultConfigurationName = Release;
		};
/* End XCConfigurationList section */

/* Begin XCRemoteSwiftPackageReference section */
		1FBB699C2A6BCE8300D9AE3B /* XCRemoteSwiftPackageReference "apollo-ios" */ = {
			isa = XCRemoteSwiftPackageReference;
			repositoryURL = "https://github.com/apollographql/apollo-ios.git";
			requirement = {
				kind = exactVersion;
				version = 0.51.2;
			};
		};
		1FBB69C52A6CD0C100D9AE3B /* XCRemoteSwiftPackageReference "Kingfisher" */ = {
			isa = XCRemoteSwiftPackageReference;
			repositoryURL = "https://github.com/onevcat/Kingfisher.git";
			requirement = {
				kind = upToNextMajorVersion;
				minimumVersion = 7.0.0;
			};
		};
/* End XCRemoteSwiftPackageReference section */

/* Begin XCSwiftPackageProductDependency section */
		1FBB699D2A6BCE8300D9AE3B /* Apollo */ = {
			isa = XCSwiftPackageProductDependency;
			package = 1FBB699C2A6BCE8300D9AE3B /* XCRemoteSwiftPackageReference "apollo-ios" */;
			productName = Apollo;
		};
		1FBB69C62A6CD0C100D9AE3B /* Kingfisher */ = {
			isa = XCSwiftPackageProductDependency;
			package = 1FBB69C52A6CD0C100D9AE3B /* XCRemoteSwiftPackageReference "Kingfisher" */;
			productName = Kingfisher;
		};
/* End XCSwiftPackageProductDependency section */
	};
	rootObject = 1FBB69832A6BC3F600D9AE3B /* Project object */;
}
